// !$*UTF8*$!
{
	archiveVersion = 1;
	classes = {
	};
	objectVersion = 46;
	objects = {

/* Begin PBXBuildFile section */
		5F81886E17442194005894D0 /* Object3D.m in Sources */ = {isa = PBXBuildFile; fileRef = 5F81886D17442194005894D0 /* Object3D.m */; };
		5F81887317442285005894D0 /* Object2D.m in Sources */ = {isa = PBXBuildFile; fileRef = 5F81887017442285005894D0 /* Object2D.m */; };
		5F81887417442285005894D0 /* Triangle.m in Sources */ = {isa = PBXBuildFile; fileRef = 5F81887217442285005894D0 /* Triangle.m */; };
		5F81887717442297005894D0 /* Quad.m in Sources */ = {isa = PBXBuildFile; fileRef = 5F81887617442297005894D0 /* Quad.m */; };
		5F81887A174422A9005894D0 /* Vertex.m in Sources */ = {isa = PBXBuildFile; fileRef = 5F818879174422A9005894D0 /* Vertex.m */; };
		5F81887F174422BF005894D0 /* GLApplication.mm in Sources */ = {isa = PBXBuildFile; fileRef = 5F81887C174422BE005894D0 /* GLApplication.mm */; };
		5F818880174422BF005894D0 /* GLView.mm in Sources */ = {isa = PBXBuildFile; fileRef = 5F81887E174422BF005894D0 /* GLView.mm */; };
		5F818883174422D6005894D0 /* AppDelegate.m in Sources */ = {isa = PBXBuildFile; fileRef = 5F818882174422D6005894D0 /* AppDelegate.m */; };
		5F81888517442350005894D0 /* main.m in Sources */ = {isa = PBXBuildFile; fileRef = 5F81888417442350005894D0 /* main.m */; };
		5F81888A1744257F005894D0 /* Cube.m in Sources */ = {isa = PBXBuildFile; fileRef = 5F8188891744257F005894D0 /* Cube.m */; };
		5F81888D174434B0005894D0 /* Normal.m in Sources */ = {isa = PBXBuildFile; fileRef = 5F81888C174434B0005894D0 /* Normal.m */; };
		5FB9CCC51742F1F400837B67 /* Cocoa.framework in Frameworks */ = {isa = PBXBuildFile; fileRef = 5FB9CCC41742F1F400837B67 /* Cocoa.framework */; };
		5FB9CCCF1742F1F400837B67 /* InfoPlist.strings in Resources */ = {isa = PBXBuildFile; fileRef = 5FB9CCCD1742F1F400837B67 /* InfoPlist.strings */; };
		5FB9CCD51742F1F400837B67 /* Credits.rtf in Resources */ = {isa = PBXBuildFile; fileRef = 5FB9CCD31742F1F400837B67 /* Credits.rtf */; };
		5FB9CCDB1742F1F400837B67 /* MainMenu.xib in Resources */ = {isa = PBXBuildFile; fileRef = 5FB9CCD91742F1F400837B67 /* MainMenu.xib */; };
		5FB9CCF91742F3E800837B67 /* OpenGL.framework in Frameworks */ = {isa = PBXBuildFile; fileRef = 5FB9CCF81742F3E800837B67 /* OpenGL.framework */; };
/* End PBXBuildFile section */

/* Begin PBXFileReference section */
		5F81886C17442194005894D0 /* Object3D.h */ = {isa = PBXFileReference; fileEncoding = 4; lastKnownFileType = sourcecode.c.h; name = Object3D.h; path = src/Object3D.h; sourceTree = "<group>"; };
		5F81886D17442194005894D0 /* Object3D.m */ = {isa = PBXFileReference; fileEncoding = 4; lastKnownFileType = sourcecode.c.objc; name = Object3D.m; path = src/Object3D.m; sourceTree = "<group>"; };
		5F81886F17442285005894D0 /* Object2D.h */ = {isa = PBXFileReference; fileEncoding = 4; lastKnownFileType = sourcecode.c.h; name = Object2D.h; path = src/Object2D.h; sourceTree = "<group>"; };
		5F81887017442285005894D0 /* Object2D.m */ = {isa = PBXFileReference; fileEncoding = 4; lastKnownFileType = sourcecode.c.objc; name = Object2D.m; path = src/Object2D.m; sourceTree = "<group>"; };
		5F81887117442285005894D0 /* Triangle.h */ = {isa = PBXFileReference; fileEncoding = 4; lastKnownFileType = sourcecode.c.h; name = Triangle.h; path = src/Triangle.h; sourceTree = "<group>"; };
		5F81887217442285005894D0 /* Triangle.m */ = {isa = PBXFileReference; fileEncoding = 4; lastKnownFileType = sourcecode.c.objc; name = Triangle.m; path = src/Triangle.m; sourceTree = "<group>"; };
		5F81887517442297005894D0 /* Quad.h */ = {isa = PBXFileReference; fileEncoding = 4; lastKnownFileType = sourcecode.c.h; name = Quad.h; path = src/Quad.h; sourceTree = "<group>"; };
		5F81887617442297005894D0 /* Quad.m */ = {isa = PBXFileReference; fileEncoding = 4; lastKnownFileType = sourcecode.c.objc; name = Quad.m; path = src/Quad.m; sourceTree = "<group>"; };
		5F818878174422A9005894D0 /* Vertex.h */ = {isa = PBXFileReference; fileEncoding = 4; lastKnownFileType = sourcecode.c.h; name = Vertex.h; path = src/Vertex.h; sourceTree = "<group>"; };
		5F818879174422A9005894D0 /* Vertex.m */ = {isa = PBXFileReference; fileEncoding = 4; lastKnownFileType = sourcecode.c.objc; name = Vertex.m; path = src/Vertex.m; sourceTree = "<group>"; };
		5F81887B174422BE005894D0 /* GLApplication.h */ = {isa = PBXFileReference; fileEncoding = 4; lastKnownFileType = sourcecode.c.h; name = GLApplication.h; path = src/GLApplication.h; sourceTree = "<group>"; };
		5F81887C174422BE005894D0 /* GLApplication.mm */ = {isa = PBXFileReference; fileEncoding = 4; lastKnownFileType = sourcecode.cpp.objcpp; name = GLApplication.mm; path = src/GLApplication.mm; sourceTree = "<group>"; };
		5F81887D174422BE005894D0 /* GLView.h */ = {isa = PBXFileReference; fileEncoding = 4; lastKnownFileType = sourcecode.c.h; name = GLView.h; path = src/GLView.h; sourceTree = "<group>"; };
		5F81887E174422BF005894D0 /* GLView.mm */ = {isa = PBXFileReference; fileEncoding = 4; lastKnownFileType = sourcecode.cpp.objcpp; name = GLView.mm; path = src/GLView.mm; sourceTree = "<group>"; };
		5F818881174422D6005894D0 /* AppDelegate.h */ = {isa = PBXFileReference; fileEncoding = 4; lastKnownFileType = sourcecode.c.h; name = AppDelegate.h; path = src/AppDelegate.h; sourceTree = "<group>"; };
		5F818882174422D6005894D0 /* AppDelegate.m */ = {isa = PBXFileReference; fileEncoding = 4; lastKnownFileType = sourcecode.c.objc; name = AppDelegate.m; path = src/AppDelegate.m; sourceTree = "<group>"; };
		5F81888417442350005894D0 /* main.m */ = {isa = PBXFileReference; fileEncoding = 4; lastKnownFileType = sourcecode.c.objc; name = main.m; path = src/main.m; sourceTree = "<group>"; };
		5F818887174423B1005894D0 /* openGLWrapperTest-Prefix.pch */ = {isa = PBXFileReference; fileEncoding = 4; lastKnownFileType = sourcecode.c.h; path = "openGLWrapperTest-Prefix.pch"; sourceTree = "<group>"; };
		5F8188881744257F005894D0 /* Cube.h */ = {isa = PBXFileReference; fileEncoding = 4; lastKnownFileType = sourcecode.c.h; path = Cube.h; sourceTree = "<group>"; };
		5F8188891744257F005894D0 /* Cube.m */ = {isa = PBXFileReference; fileEncoding = 4; lastKnownFileType = sourcecode.c.objc; path = Cube.m; sourceTree = "<group>"; };
		5F81888B174434B0005894D0 /* Normal.h */ = {isa = PBXFileReference; fileEncoding = 4; lastKnownFileType = sourcecode.c.h; name = Normal.h; path = src/Normal.h; sourceTree = "<group>"; };
		5F81888C174434B0005894D0 /* Normal.m */ = {isa = PBXFileReference; fileEncoding = 4; lastKnownFileType = sourcecode.c.objc; name = Normal.m; path = src/Normal.m; sourceTree = "<group>"; };
		5FB9CCC11742F1F400837B67 /* openGLWrapperTest.app */ = {isa = PBXFileReference; explicitFileType = wrapper.application; includeInIndex = 0; path = openGLWrapperTest.app; sourceTree = BUILT_PRODUCTS_DIR; };
		5FB9CCC41742F1F400837B67 /* Cocoa.framework */ = {isa = PBXFileReference; lastKnownFileType = wrapper.framework; name = Cocoa.framework; path = System/Library/Frameworks/Cocoa.framework; sourceTree = SDKROOT; };
		5FB9CCC71742F1F400837B67 /* AppKit.framework */ = {isa = PBXFileReference; lastKnownFileType = wrapper.framework; name = AppKit.framework; path = System/Library/Frameworks/AppKit.framework; sourceTree = SDKROOT; };
		5FB9CCC81742F1F400837B67 /* CoreData.framework */ = {isa = PBXFileReference; lastKnownFileType = wrapper.framework; name = CoreData.framework; path = System/Library/Frameworks/CoreData.framework; sourceTree = SDKROOT; };
		5FB9CCC91742F1F400837B67 /* Foundation.framework */ = {isa = PBXFileReference; lastKnownFileType = wrapper.framework; name = Foundation.framework; path = System/Library/Frameworks/Foundation.framework; sourceTree = SDKROOT; };
		5FB9CCCC1742F1F400837B67 /* openGLWrapperTest-Info.plist */ = {isa = PBXFileReference; lastKnownFileType = text.plist.xml; path = "openGLWrapperTest-Info.plist"; sourceTree = "<group>"; };
		5FB9CCCE1742F1F400837B67 /* en */ = {isa = PBXFileReference; lastKnownFileType = text.plist.strings; name = en; path = en.lproj/InfoPlist.strings; sourceTree = "<group>"; };
		5FB9CCD41742F1F400837B67 /* en */ = {isa = PBXFileReference; lastKnownFileType = text.rtf; name = en; path = en.lproj/Credits.rtf; sourceTree = "<group>"; };
		5FB9CCDA1742F1F400837B67 /* en */ = {isa = PBXFileReference; lastKnownFileType = file.xib; name = en; path = en.lproj/MainMenu.xib; sourceTree = "<group>"; };
		5FB9CCE21742F1F400837B67 /* SenTestingKit.framework */ = {isa = PBXFileReference; lastKnownFileType = wrapper.framework; name = SenTestingKit.framework; path = Library/Frameworks/SenTestingKit.framework; sourceTree = DEVELOPER_DIR; };
		5FB9CCF81742F3E800837B67 /* OpenGL.framework */ = {isa = PBXFileReference; lastKnownFileType = wrapper.framework; name = OpenGL.framework; path = System/Library/Frameworks/OpenGL.framework; sourceTree = SDKROOT; };
/* End PBXFileReference section */

/* Begin PBXFrameworksBuildPhase section */
		5FB9CCBE1742F1F400837B67 /* Frameworks */ = {
			isa = PBXFrameworksBuildPhase;
			buildActionMask = 2147483647;
			files = (
				5FB9CCF91742F3E800837B67 /* OpenGL.framework in Frameworks */,
				5FB9CCC51742F1F400837B67 /* Cocoa.framework in Frameworks */,
			);
			runOnlyForDeploymentPostprocessing = 0;
		};
/* End PBXFrameworksBuildPhase section */

/* Begin PBXGroup section */
		5F818867174420A4005894D0 /* 2D */ = {
			isa = PBXGroup;
			children = (
				5F81886F17442285005894D0 /* Object2D.h */,
				5F81887017442285005894D0 /* Object2D.m */,
				5F81887517442297005894D0 /* Quad.h */,
				5F81887617442297005894D0 /* Quad.m */,
				5F81887117442285005894D0 /* Triangle.h */,
				5F81887217442285005894D0 /* Triangle.m */,
			);
			name = 2D;
			sourceTree = "<group>";
		};
		5F818868174420B2005894D0 /* 3D */ = {
			isa = PBXGroup;
			children = (
				5F81886C17442194005894D0 /* Object3D.h */,
				5F81886D17442194005894D0 /* Object3D.m */,
				5F8188881744257F005894D0 /* Cube.h */,
				5F8188891744257F005894D0 /* Cube.m */,
			);
			name = 3D;
			sourceTree = "<group>";
		};
		5FB9CCB81742F1F400837B67 = {
			isa = PBXGroup;
			children = (
				5FB9CCCA1742F1F400837B67 /* openGLWrapperTest */,
				5FB9CCC31742F1F400837B67 /* Frameworks */,
				5FB9CCC21742F1F400837B67 /* Products */,
			);
			sourceTree = "<group>";
		};
		5FB9CCC21742F1F400837B67 /* Products */ = {
			isa = PBXGroup;
			children = (
				5FB9CCC11742F1F400837B67 /* openGLWrapperTest.app */,
			);
			name = Products;
			sourceTree = "<group>";
		};
		5FB9CCC31742F1F400837B67 /* Frameworks */ = {
			isa = PBXGroup;
			children = (
				5FB9CCF81742F3E800837B67 /* OpenGL.framework */,
				5FB9CCC41742F1F400837B67 /* Cocoa.framework */,
				5FB9CCE21742F1F400837B67 /* SenTestingKit.framework */,
				5FB9CCC61742F1F400837B67 /* Other Frameworks */,
			);
			name = Frameworks;
			sourceTree = "<group>";
		};
		5FB9CCC61742F1F400837B67 /* Other Frameworks */ = {
			isa = PBXGroup;
			children = (
				5FB9CCC71742F1F400837B67 /* AppKit.framework */,
				5FB9CCC81742F1F400837B67 /* CoreData.framework */,
				5FB9CCC91742F1F400837B67 /* Foundation.framework */,
			);
			name = "Other Frameworks";
			sourceTree = "<group>";
		};
		5FB9CCCA1742F1F400837B67 /* openGLWrapperTest */ = {
			isa = PBXGroup;
			children = (
				5FB9CD011743178700837B67 /* Objects */,
				5FB9CD001743174100837B67 /* OpenGLWrapper */,
				5F818881174422D6005894D0 /* AppDelegate.h */,
				5F818882174422D6005894D0 /* AppDelegate.m */,
				5FB9CCD91742F1F400837B67 /* MainMenu.xib */,
				5FB9CCCB1742F1F400837B67 /* Supporting Files */,
			);
			path = openGLWrapperTest;
			sourceTree = "<group>";
		};
		5FB9CCCB1742F1F400837B67 /* Supporting Files */ = {
			isa = PBXGroup;
			children = (
				5FB9CCCC1742F1F400837B67 /* openGLWrapperTest-Info.plist */,
				5FB9CCCD1742F1F400837B67 /* InfoPlist.strings */,
				5F81888417442350005894D0 /* main.m */,
				5F818887174423B1005894D0 /* openGLWrapperTest-Prefix.pch */,
				5FB9CCD31742F1F400837B67 /* Credits.rtf */,
			);
			name = "Supporting Files";
			sourceTree = "<group>";
		};
		5FB9CD001743174100837B67 /* OpenGLWrapper */ = {
			isa = PBXGroup;
			children = (
				5F81887B174422BE005894D0 /* GLApplication.h */,
				5F81887C174422BE005894D0 /* GLApplication.mm */,
				5F81887D174422BE005894D0 /* GLView.h */,
				5F81887E174422BF005894D0 /* GLView.mm */,
			);
			name = OpenGLWrapper;
			sourceTree = "<group>";
		};
		5FB9CD011743178700837B67 /* Objects */ = {
			isa = PBXGroup;
			children = (
				5F818868174420B2005894D0 /* 3D */,
				5F818867174420A4005894D0 /* 2D */,
				5F818878174422A9005894D0 /* Vertex.h */,
				5F818879174422A9005894D0 /* Vertex.m */,
				5F81888B174434B0005894D0 /* Normal.h */,
				5F81888C174434B0005894D0 /* Normal.m */,
			);
			name = Objects;
			sourceTree = "<group>";
		};
/* End PBXGroup section */

/* Begin PBXNativeTarget section */
		5FB9CCC01742F1F400837B67 /* openGLWrapperTest */ = {
			isa = PBXNativeTarget;
			buildConfigurationList = 5FB9CCF21742F1F400837B67 /* Build configuration list for PBXNativeTarget "openGLWrapperTest" */;
			buildPhases = (
				5FB9CCBD1742F1F400837B67 /* Sources */,
				5FB9CCBE1742F1F400837B67 /* Frameworks */,
				5FB9CCBF1742F1F400837B67 /* Resources */,
			);
			buildRules = (
			);
			dependencies = (
			);
			name = openGLWrapperTest;
			productName = openGLWrapperTest;
			productReference = 5FB9CCC11742F1F400837B67 /* openGLWrapperTest.app */;
			productType = "com.apple.product-type.application";
		};
/* End PBXNativeTarget section */

/* Begin PBXProject section */
		5FB9CCB91742F1F400837B67 /* Project object */ = {
			isa = PBXProject;
			attributes = {
				LastUpgradeCheck = 0460;
				ORGANIZATIONNAME = "David Hodgkinson";
			};
			buildConfigurationList = 5FB9CCBC1742F1F400837B67 /* Build configuration list for PBXProject "openGLWrapperTest" */;
			compatibilityVersion = "Xcode 3.2";
			developmentRegion = English;
			hasScannedForEncodings = 0;
			knownRegions = (
				en,
			);
			mainGroup = 5FB9CCB81742F1F400837B67;
			productRefGroup = 5FB9CCC21742F1F400837B67 /* Products */;
			projectDirPath = "";
			projectRoot = "";
			targets = (
				5FB9CCC01742F1F400837B67 /* openGLWrapperTest */,
			);
		};
/* End PBXProject section */

/* Begin PBXResourcesBuildPhase section */
		5FB9CCBF1742F1F400837B67 /* Resources */ = {
			isa = PBXResourcesBuildPhase;
			buildActionMask = 2147483647;
			files = (
				5FB9CCCF1742F1F400837B67 /* InfoPlist.strings in Resources */,
				5FB9CCD51742F1F400837B67 /* Credits.rtf in Resources */,
				5FB9CCDB1742F1F400837B67 /* MainMenu.xib in Resources */,
			);
			runOnlyForDeploymentPostprocessing = 0;
		};
/* End PBXResourcesBuildPhase section */

/* Begin PBXSourcesBuildPhase section */
		5FB9CCBD1742F1F400837B67 /* Sources */ = {
			isa = PBXSourcesBuildPhase;
			buildActionMask = 2147483647;
			files = (
				5F81886E17442194005894D0 /* Object3D.m in Sources */,
				5F81887317442285005894D0 /* Object2D.m in Sources */,
				5F81887417442285005894D0 /* Triangle.m in Sources */,
				5F81887717442297005894D0 /* Quad.m in Sources */,
				5F81887A174422A9005894D0 /* Vertex.m in Sources */,
				5F81887F174422BF005894D0 /* GLApplication.mm in Sources */,
				5F818880174422BF005894D0 /* GLView.mm in Sources */,
				5F818883174422D6005894D0 /* AppDelegate.m in Sources */,
				5F81888517442350005894D0 /* main.m in Sources */,
				5F81888A1744257F005894D0 /* Cube.m in Sources */,
				5F81888D174434B0005894D0 /* Normal.m in Sources */,
			);
			runOnlyForDeploymentPostprocessing = 0;
		};
/* End PBXSourcesBuildPhase section */

/* Begin PBXVariantGroup section */
		5FB9CCCD1742F1F400837B67 /* InfoPlist.strings */ = {
			isa = PBXVariantGroup;
			children = (
				5FB9CCCE1742F1F400837B67 /* en */,
			);
			name = InfoPlist.strings;
			sourceTree = "<group>";
		};
		5FB9CCD31742F1F400837B67 /* Credits.rtf */ = {
			isa = PBXVariantGroup;
			children = (
				5FB9CCD41742F1F400837B67 /* en */,
			);
			name = Credits.rtf;
			sourceTree = "<group>";
		};
		5FB9CCD91742F1F400837B67 /* MainMenu.xib */ = {
			isa = PBXVariantGroup;
			children = (
				5FB9CCDA1742F1F400837B67 /* en */,
			);
			name = MainMenu.xib;
			sourceTree = "<group>";
		};
/* End PBXVariantGroup section */

/* Begin XCBuildConfiguration section */
		5FB9CCF01742F1F400837B67 /* Debug */ = {
			isa = XCBuildConfiguration;
			buildSettings = {
				ALWAYS_SEARCH_USER_PATHS = NO;
				ARCHS = "$(ARCHS_STANDARD_64_BIT)";
				CLANG_CXX_LANGUAGE_STANDARD = "gnu++0x";
				CLANG_CXX_LIBRARY = "libc++";
				CLANG_ENABLE_OBJC_ARC = NO;
				CLANG_WARN_CONSTANT_CONVERSION = YES;
				CLANG_WARN_EMPTY_BODY = YES;
				CLANG_WARN_ENUM_CONVERSION = YES;
				CLANG_WARN_INT_CONVERSION = YES;
				CLANG_WARN__DUPLICATE_METHOD_MATCH = YES;
				COPY_PHASE_STRIP = NO;
				GCC_C_LANGUAGE_STANDARD = gnu99;
				GCC_DYNAMIC_NO_PIC = NO;
				GCC_ENABLE_OBJC_EXCEPTIONS = YES;
				GCC_OPTIMIZATION_LEVEL = 0;
				GCC_PREPROCESSOR_DEFINITIONS = (
					"DEBUG=1",
					"$(inherited)",
				);
				GCC_SYMBOLS_PRIVATE_EXTERN = NO;
				GCC_WARN_64_TO_32_BIT_CONVERSION = YES;
				GCC_WARN_ABOUT_RETURN_TYPE = YES;
				GCC_WARN_UNINITIALIZED_AUTOS = YES;
				GCC_WARN_UNUSED_VARIABLE = YES;
				MACOSX_DEPLOYMENT_TARGET = 10.8;
				ONLY_ACTIVE_ARCH = YES;
				SDKROOT = macosx;
			};
			name = Debug;
		};
		5FB9CCF11742F1F400837B67 /* Release */ = {
			isa = XCBuildConfiguration;
			buildSettings = {
				ALWAYS_SEARCH_USER_PATHS = NO;
				ARCHS = "$(ARCHS_STANDARD_64_BIT)";
				CLANG_CXX_LANGUAGE_STANDARD = "gnu++0x";
				CLANG_CXX_LIBRARY = "libc++";
				CLANG_ENABLE_OBJC_ARC = NO;
				CLANG_WARN_CONSTANT_CONVERSION = YES;
				CLANG_WARN_EMPTY_BODY = YES;
				CLANG_WARN_ENUM_CONVERSION = YES;
				CLANG_WARN_INT_CONVERSION = YES;
				CLANG_WARN__DUPLICATE_METHOD_MATCH = YES;
				COPY_PHASE_STRIP = YES;
				DEBUG_INFORMATION_FORMAT = "dwarf-with-dsym";
				GCC_C_LANGUAGE_STANDARD = gnu99;
				GCC_ENABLE_OBJC_EXCEPTIONS = YES;
				GCC_WARN_64_TO_32_BIT_CONVERSION = YES;
				GCC_WARN_ABOUT_RETURN_TYPE = YES;
				GCC_WARN_UNINITIALIZED_AUTOS = YES;
				GCC_WARN_UNUSED_VARIABLE = YES;
				MACOSX_DEPLOYMENT_TARGET = 10.8;
				SDKROOT = macosx;
			};
			name = Release;
		};
		5FB9CCF31742F1F400837B67 /* Debug */ = {
			isa = XCBuildConfiguration;
			buildSettings = {
				CLANG_ENABLE_OBJC_ARC = NO;
				COMBINE_HIDPI_IMAGES = YES;
				GCC_PRECOMPILE_PREFIX_HEADER = YES;
				GCC_PREFIX_HEADER = "openGLWrapperTest/openGLWrapperTest-Prefix.pch";
				INFOPLIST_FILE = "openGLWrapperTest/openGLWrapperTest-Info.plist";
				PRODUCT_NAME = "$(TARGET_NAME)";
				WRAPPER_EXTENSION = app;
			};
			name = Debug;
		};
		5FB9CCF41742F1F400837B67 /* Release */ = {
			isa = XCBuildConfiguration;
			buildSettings = {
				CLANG_ENABLE_OBJC_ARC = NO;
				COMBINE_HIDPI_IMAGES = YES;
				GCC_PRECOMPILE_PREFIX_HEADER = YES;
				GCC_PREFIX_HEADER = "openGLWrapperTest/openGLWrapperTest-Prefix.pch";
				INFOPLIST_FILE = "openGLWrapperTest/openGLWrapperTest-Info.plist";
				PRODUCT_NAME = "$(TARGET_NAME)";
				WRAPPER_EXTENSION = app;
			};
			name = Release;
		};
/* End XCBuildConfiguration section */

/* Begin XCConfigurationList section */
		5FB9CCBC1742F1F400837B67 /* Build configuration list for PBXProject "openGLWrapperTest" */ = {
			isa = XCConfigurationList;
			buildConfigurations = (
				5FB9CCF01742F1F400837B67 /* Debug */,
				5FB9CCF11742F1F400837B67 /* Release */,
			);
			defaultConfigurationIsVisible = 0;
			defaultConfigurationName = Release;
		};
		5FB9CCF21742F1F400837B67 /* Build configuration list for PBXNativeTarget "openGLWrapperTest" */ = {
			isa = XCConfigurationList;
			buildConfigurations = (
				5FB9CCF31742F1F400837B67 /* Debug */,
				5FB9CCF41742F1F400837B67 /* Release */,
			);
			defaultConfigurationIsVisible = 0;
			defaultConfigurationName = Release;
		};
/* End XCConfigurationList section */
	};
	rootObject = 5FB9CCB91742F1F400837B67 /* Project object */;
}
